// !$*UTF8*$!
{
	archiveVersion = 1;
	classes = {
	};
	objectVersion = 50;
	objects = {

/* Begin PBXBuildFile section */
		232C80C222BE948800D027DA /* AppDelegate.swift in Sources */ = {isa = PBXBuildFile; fileRef = 232C80C122BE948800D027DA /* AppDelegate.swift */; };
		232C80C422BE948900D027DA /* Assets.xcassets in Resources */ = {isa = PBXBuildFile; fileRef = 232C80C322BE948900D027DA /* Assets.xcassets */; };
		232C80C722BE948900D027DA /* MainMenu.xib in Resources */ = {isa = PBXBuildFile; fileRef = 232C80C522BE948900D027DA /* MainMenu.xib */; };
		232C80D322BE948900D027DA /* Dorm_Quota_IndicatorTests.swift in Sources */ = {isa = PBXBuildFile; fileRef = 232C80D222BE948900D027DA /* Dorm_Quota_IndicatorTests.swift */; };
		232C80E322BEACB100D027DA /* QuotaQueryTask.swift in Sources */ = {isa = PBXBuildFile; fileRef = 232C80E222BEACB100D027DA /* QuotaQueryTask.swift */; };
		23A4585622C0AF930048199E /* SettingWindowDelegate.swift in Sources */ = {isa = PBXBuildFile; fileRef = 23A4585522C0AF930048199E /* SettingWindowDelegate.swift */; };
		23A4585822C1FBB70048199E /* HyperlinkTextField.swift in Sources */ = {isa = PBXBuildFile; fileRef = 23A4585722C1FBB70048199E /* HyperlinkTextField.swift */; };
		23DCEAD822BF322D00051498 /* TFHppleElement.m in Sources */ = {isa = PBXBuildFile; fileRef = 23DCEAD422BF322D00051498 /* TFHppleElement.m */; };
		23DCEAD922BF322D00051498 /* TFHpple.m in Sources */ = {isa = PBXBuildFile; fileRef = 23DCEAD522BF322D00051498 /* TFHpple.m */; };
		23DCEADA22BF322D00051498 /* XPathQuery.m in Sources */ = {isa = PBXBuildFile; fileRef = 23DCEAD622BF322D00051498 /* XPathQuery.m */; };
		23DCEADC22BF32C300051498 /* libxml2.dylib in Frameworks */ = {isa = PBXBuildFile; fileRef = 23DCEADB22BF32C200051498 /* libxml2.dylib */; };
		23DCEADE22BF6EEE00051498 /* DormInfo.swift in Sources */ = {isa = PBXBuildFile; fileRef = 23DCEADD22BF6EEE00051498 /* DormInfo.swift */; };
/* End PBXBuildFile section */

/* Begin PBXContainerItemProxy section */
		232C80CF22BE948900D027DA /* PBXContainerItemProxy */ = {
			isa = PBXContainerItemProxy;
			containerPortal = 232C80B622BE948800D027DA /* Project object */;
			proxyType = 1;
			remoteGlobalIDString = 232C80BD22BE948800D027DA;
			remoteInfo = "Dorm Quota Indicator";
		};
/* End PBXContainerItemProxy section */

/* Begin PBXFileReference section */
		232C80BE22BE948800D027DA /* Dorm Quota Indicator.app */ = {isa = PBXFileReference; explicitFileType = wrapper.application; includeInIndex = 0; path = "Dorm Quota Indicator.app"; sourceTree = BUILT_PRODUCTS_DIR; };
		232C80C122BE948800D027DA /* AppDelegate.swift */ = {isa = PBXFileReference; lastKnownFileType = sourcecode.swift; path = AppDelegate.swift; sourceTree = "<group>"; };
		232C80C322BE948900D027DA /* Assets.xcassets */ = {isa = PBXFileReference; lastKnownFileType = folder.assetcatalog; path = Assets.xcassets; sourceTree = "<group>"; };
		232C80C622BE948900D027DA /* Base */ = {isa = PBXFileReference; lastKnownFileType = file.xib; name = Base; path = Base.lproj/MainMenu.xib; sourceTree = "<group>"; };
		232C80C822BE948900D027DA /* Info.plist */ = {isa = PBXFileReference; lastKnownFileType = text.plist.xml; path = Info.plist; sourceTree = "<group>"; };
		232C80C922BE948900D027DA /* Dorm_Quota_Indicator.entitlements */ = {isa = PBXFileReference; lastKnownFileType = text.plist.entitlements; path = Dorm_Quota_Indicator.entitlements; sourceTree = "<group>"; };
		232C80CE22BE948900D027DA /* Dorm Quota IndicatorTests.xctest */ = {isa = PBXFileReference; explicitFileType = wrapper.cfbundle; includeInIndex = 0; path = "Dorm Quota IndicatorTests.xctest"; sourceTree = BUILT_PRODUCTS_DIR; };
		232C80D222BE948900D027DA /* Dorm_Quota_IndicatorTests.swift */ = {isa = PBXFileReference; lastKnownFileType = sourcecode.swift; path = Dorm_Quota_IndicatorTests.swift; sourceTree = "<group>"; };
		232C80D422BE948900D027DA /* Info.plist */ = {isa = PBXFileReference; lastKnownFileType = text.plist.xml; path = Info.plist; sourceTree = "<group>"; };
		232C80E122BEAC1500D027DA /* Dorm Quota Indicator.entitlements */ = {isa = PBXFileReference; lastKnownFileType = text.plist.entitlements; path = "Dorm Quota Indicator.entitlements"; sourceTree = "<group>"; };
		232C80E222BEACB100D027DA /* QuotaQueryTask.swift */ = {isa = PBXFileReference; lastKnownFileType = sourcecode.swift; path = QuotaQueryTask.swift; sourceTree = "<group>"; };
		232C80E822BF25DC00D027DA /* Dorm Quota Indicator-Bridging-Header.h */ = {isa = PBXFileReference; lastKnownFileType = sourcecode.c.h; path = "Dorm Quota Indicator-Bridging-Header.h"; sourceTree = "<group>"; };
		23A4585522C0AF930048199E /* SettingWindowDelegate.swift */ = {isa = PBXFileReference; lastKnownFileType = sourcecode.swift; path = SettingWindowDelegate.swift; sourceTree = "<group>"; };
		23A4585722C1FBB70048199E /* HyperlinkTextField.swift */ = {isa = PBXFileReference; lastKnownFileType = sourcecode.swift; path = HyperlinkTextField.swift; sourceTree = "<group>"; };
		23DCEAD222BF322D00051498 /* TFHpple.h */ = {isa = PBXFileReference; fileEncoding = 4; lastKnownFileType = sourcecode.c.h; path = TFHpple.h; sourceTree = "<group>"; };
		23DCEAD322BF322D00051498 /* TFHppleElement.h */ = {isa = PBXFileReference; fileEncoding = 4; lastKnownFileType = sourcecode.c.h; path = TFHppleElement.h; sourceTree = "<group>"; };
		23DCEAD422BF322D00051498 /* TFHppleElement.m */ = {isa = PBXFileReference; fileEncoding = 4; lastKnownFileType = sourcecode.c.objc; path = TFHppleElement.m; sourceTree = "<group>"; };
		23DCEAD522BF322D00051498 /* TFHpple.m */ = {isa = PBXFileReference; fileEncoding = 4; lastKnownFileType = sourcecode.c.objc; path = TFHpple.m; sourceTree = "<group>"; };
		23DCEAD622BF322D00051498 /* XPathQuery.m */ = {isa = PBXFileReference; fileEncoding = 4; lastKnownFileType = sourcecode.c.objc; path = XPathQuery.m; sourceTree = "<group>"; };
		23DCEAD722BF322D00051498 /* XPathQuery.h */ = {isa = PBXFileReference; fileEncoding = 4; lastKnownFileType = sourcecode.c.h; path = XPathQuery.h; sourceTree = "<group>"; };
		23DCEADB22BF32C200051498 /* libxml2.dylib */ = {isa = PBXFileReference; lastKnownFileType = "compiled.mach-o.dylib"; name = libxml2.dylib; path = ../../../../../../../usr/lib/libxml2.dylib; sourceTree = "<group>"; };
		23DCEADD22BF6EEE00051498 /* DormInfo.swift */ = {isa = PBXFileReference; lastKnownFileType = sourcecode.swift; path = DormInfo.swift; sourceTree = "<group>"; };
/* End PBXFileReference section */

/* Begin PBXFrameworksBuildPhase section */
		232C80BB22BE948800D027DA /* Frameworks */ = {
			isa = PBXFrameworksBuildPhase;
			buildActionMask = 2147483647;
			files = (
				23DCEADC22BF32C300051498 /* libxml2.dylib in Frameworks */,
			);
			runOnlyForDeploymentPostprocessing = 0;
		};
		232C80CB22BE948900D027DA /* Frameworks */ = {
			isa = PBXFrameworksBuildPhase;
			buildActionMask = 2147483647;
			files = (
			);
			runOnlyForDeploymentPostprocessing = 0;
		};
/* End PBXFrameworksBuildPhase section */

/* Begin PBXGroup section */
		232C80B522BE948800D027DA = {
			isa = PBXGroup;
			children = (
				232C80C022BE948800D027DA /* Dorm Quota Indicator */,
				232C80D122BE948900D027DA /* Dorm Quota IndicatorTests */,
				232C80BF22BE948800D027DA /* Products */,
			);
			sourceTree = "<group>";
		};
		232C80BF22BE948800D027DA /* Products */ = {
			isa = PBXGroup;
			children = (
				232C80BE22BE948800D027DA /* Dorm Quota Indicator.app */,
				232C80CE22BE948900D027DA /* Dorm Quota IndicatorTests.xctest */,
			);
			name = Products;
			sourceTree = "<group>";
		};
		232C80C022BE948800D027DA /* Dorm Quota Indicator */ = {
			isa = PBXGroup;
			children = (
				232C80C122BE948800D027DA /* AppDelegate.swift */,
				232C80C322BE948900D027DA /* Assets.xcassets */,
				232C80E822BF25DC00D027DA /* Dorm Quota Indicator-Bridging-Header.h */,
				232C80E122BEAC1500D027DA /* Dorm Quota Indicator.entitlements */,
				232C80C922BE948900D027DA /* Dorm_Quota_Indicator.entitlements */,
				23DCEADD22BF6EEE00051498 /* DormInfo.swift */,
				23A4585722C1FBB70048199E /* HyperlinkTextField.swift */,
				232C80C822BE948900D027DA /* Info.plist */,
				232C80C522BE948900D027DA /* MainMenu.xib */,
				232C80E222BEACB100D027DA /* QuotaQueryTask.swift */,
				23A4585522C0AF930048199E /* SettingWindowDelegate.swift */,
				23DCEAD122BF31ED00051498 /* TFHpple */,
			);
			path = "Dorm Quota Indicator";
			sourceTree = "<group>";
		};
		232C80D122BE948900D027DA /* Dorm Quota IndicatorTests */ = {
			isa = PBXGroup;
			children = (
				232C80D222BE948900D027DA /* Dorm_Quota_IndicatorTests.swift */,
				232C80D422BE948900D027DA /* Info.plist */,
			);
			path = "Dorm Quota IndicatorTests";
			sourceTree = "<group>";
		};
		23DCEAD122BF31ED00051498 /* TFHpple */ = {
			isa = PBXGroup;
			children = (
				23DCEAD222BF322D00051498 /* TFHpple.h */,
				23DCEAD522BF322D00051498 /* TFHpple.m */,
				23DCEAD322BF322D00051498 /* TFHppleElement.h */,
				23DCEAD422BF322D00051498 /* TFHppleElement.m */,
				23DCEAD722BF322D00051498 /* XPathQuery.h */,
				23DCEAD622BF322D00051498 /* XPathQuery.m */,
				23DCEADB22BF32C200051498 /* libxml2.dylib */,
			);
			path = TFHpple;
			sourceTree = "<group>";
		};
/* End PBXGroup section */

/* Begin PBXNativeTarget section */
		232C80BD22BE948800D027DA /* Dorm Quota Indicator */ = {
			isa = PBXNativeTarget;
			buildConfigurationList = 232C80D722BE948900D027DA /* Build configuration list for PBXNativeTarget "Dorm Quota Indicator" */;
			buildPhases = (
				232C80BA22BE948800D027DA /* Sources */,
				232C80BB22BE948800D027DA /* Frameworks */,
				232C80BC22BE948800D027DA /* Resources */,
			);
			buildRules = (
			);
			dependencies = (
			);
			name = "Dorm Quota Indicator";
			productName = "Dorm Quota Indicator";
			productReference = 232C80BE22BE948800D027DA /* Dorm Quota Indicator.app */;
			productType = "com.apple.product-type.application";
		};
		232C80CD22BE948900D027DA /* Dorm Quota IndicatorTests */ = {
			isa = PBXNativeTarget;
			buildConfigurationList = 232C80DA22BE948900D027DA /* Build configuration list for PBXNativeTarget "Dorm Quota IndicatorTests" */;
			buildPhases = (
				232C80CA22BE948900D027DA /* Sources */,
				232C80CB22BE948900D027DA /* Frameworks */,
				232C80CC22BE948900D027DA /* Resources */,
			);
			buildRules = (
			);
			dependencies = (
				232C80D022BE948900D027DA /* PBXTargetDependency */,
			);
			name = "Dorm Quota IndicatorTests";
			productName = "Dorm Quota IndicatorTests";
			productReference = 232C80CE22BE948900D027DA /* Dorm Quota IndicatorTests.xctest */;
			productType = "com.apple.product-type.bundle.unit-test";
		};
/* End PBXNativeTarget section */

/* Begin PBXProject section */
		232C80B622BE948800D027DA /* Project object */ = {
			isa = PBXProject;
			attributes = {
				LastSwiftUpdateCheck = 1020;
				LastUpgradeCheck = 1020;
				ORGANIZATIONNAME = "GreenYun Organization";
				TargetAttributes = {
					232C80BD22BE948800D027DA = {
						CreatedOnToolsVersion = 10.2.1;
						SystemCapabilities = {
							com.apple.Sandbox = {
								enabled = 1;
							};
						};
					};
					232C80CD22BE948900D027DA = {
						CreatedOnToolsVersion = 10.2.1;
						TestTargetID = 232C80BD22BE948800D027DA;
					};
				};
			};
			buildConfigurationList = 232C80B922BE948800D027DA /* Build configuration list for PBXProject "Dorm Quota Indicator" */;
			compatibilityVersion = "Xcode 9.3";
			developmentRegion = en;
			hasScannedForEncodings = 0;
			knownRegions = (
				en,
				Base,
			);
			mainGroup = 232C80B522BE948800D027DA;
			productRefGroup = 232C80BF22BE948800D027DA /* Products */;
			projectDirPath = "";
			projectRoot = "";
			targets = (
				232C80BD22BE948800D027DA /* Dorm Quota Indicator */,
				232C80CD22BE948900D027DA /* Dorm Quota IndicatorTests */,
			);
		};
/* End PBXProject section */

/* Begin PBXResourcesBuildPhase section */
		232C80BC22BE948800D027DA /* Resources */ = {
			isa = PBXResourcesBuildPhase;
			buildActionMask = 2147483647;
			files = (
				232C80C422BE948900D027DA /* Assets.xcassets in Resources */,
				232C80C722BE948900D027DA /* MainMenu.xib in Resources */,
			);
			runOnlyForDeploymentPostprocessing = 0;
		};
		232C80CC22BE948900D027DA /* Resources */ = {
			isa = PBXResourcesBuildPhase;
			buildActionMask = 2147483647;
			files = (
			);
			runOnlyForDeploymentPostprocessing = 0;
		};
/* End PBXResourcesBuildPhase section */

/* Begin PBXSourcesBuildPhase section */
		232C80BA22BE948800D027DA /* Sources */ = {
			isa = PBXSourcesBuildPhase;
			buildActionMask = 2147483647;
			files = (
				23DCEAD822BF322D00051498 /* TFHppleElement.m in Sources */,
				232C80E322BEACB100D027DA /* QuotaQueryTask.swift in Sources */,
				23A4585822C1FBB70048199E /* HyperlinkTextField.swift in Sources */,
				23DCEADA22BF322D00051498 /* XPathQuery.m in Sources */,
				23DCEADE22BF6EEE00051498 /* DormInfo.swift in Sources */,
				23A4585622C0AF930048199E /* SettingWindowDelegate.swift in Sources */,
				232C80C222BE948800D027DA /* AppDelegate.swift in Sources */,
				23DCEAD922BF322D00051498 /* TFHpple.m in Sources */,
			);
			runOnlyForDeploymentPostprocessing = 0;
		};
		232C80CA22BE948900D027DA /* Sources */ = {
			isa = PBXSourcesBuildPhase;
			buildActionMask = 2147483647;
			files = (
				232C80D322BE948900D027DA /* Dorm_Quota_IndicatorTests.swift in Sources */,
			);
			runOnlyForDeploymentPostprocessing = 0;
		};
/* End PBXSourcesBuildPhase section */

/* Begin PBXTargetDependency section */
		232C80D022BE948900D027DA /* PBXTargetDependency */ = {
			isa = PBXTargetDependency;
			target = 232C80BD22BE948800D027DA /* Dorm Quota Indicator */;
			targetProxy = 232C80CF22BE948900D027DA /* PBXContainerItemProxy */;
		};
/* End PBXTargetDependency section */

/* Begin PBXVariantGroup section */
		232C80C522BE948900D027DA /* MainMenu.xib */ = {
			isa = PBXVariantGroup;
			children = (
				232C80C622BE948900D027DA /* Base */,
			);
			name = MainMenu.xib;
			sourceTree = "<group>";
		};
/* End PBXVariantGroup section */

/* Begin XCBuildConfiguration section */
		232C80D522BE948900D027DA /* Debug */ = {
			isa = XCBuildConfiguration;
			buildSettings = {
				ALWAYS_SEARCH_USER_PATHS = NO;
				CLANG_ANALYZER_NONNULL = YES;
				CLANG_ANALYZER_NUMBER_OBJECT_CONVERSION = YES_AGGRESSIVE;
				CLANG_CXX_LANGUAGE_STANDARD = "gnu++14";
				CLANG_CXX_LIBRARY = "libc++";
				CLANG_ENABLE_MODULES = YES;
				CLANG_ENABLE_OBJC_ARC = YES;
				CLANG_ENABLE_OBJC_WEAK = YES;
				CLANG_WARN_BLOCK_CAPTURE_AUTORELEASING = YES;
				CLANG_WARN_BOOL_CONVERSION = YES;
				CLANG_WARN_COMMA = YES;
				CLANG_WARN_CONSTANT_CONVERSION = YES;
				CLANG_WARN_DEPRECATED_OBJC_IMPLEMENTATIONS = YES;
				CLANG_WARN_DIRECT_OBJC_ISA_USAGE = YES_ERROR;
				CLANG_WARN_DOCUMENTATION_COMMENTS = YES;
				CLANG_WARN_EMPTY_BODY = YES;
				CLANG_WARN_ENUM_CONVERSION = YES;
				CLANG_WARN_INFINITE_RECURSION = YES;
				CLANG_WARN_INT_CONVERSION = YES;
				CLANG_WARN_NON_LITERAL_NULL_CONVERSION = YES;
				CLANG_WARN_OBJC_IMPLICIT_RETAIN_SELF = YES;
				CLANG_WARN_OBJC_LITERAL_CONVERSION = YES;
				CLANG_WARN_OBJC_ROOT_CLASS = YES_ERROR;
				CLANG_WARN_RANGE_LOOP_ANALYSIS = YES;
				CLANG_WARN_STRICT_PROTOTYPES = YES;
				CLANG_WARN_SUSPICIOUS_MOVE = YES;
				CLANG_WARN_UNGUARDED_AVAILABILITY = YES_AGGRESSIVE;
				CLANG_WARN_UNREACHABLE_CODE = YES;
				CLANG_WARN__DUPLICATE_METHOD_MATCH = YES;
				CODE_SIGN_IDENTITY = "Mac Developer";
				COPY_PHASE_STRIP = NO;
				DEBUG_INFORMATION_FORMAT = dwarf;
				ENABLE_STRICT_OBJC_MSGSEND = YES;
				ENABLE_TESTABILITY = YES;
				GCC_C_LANGUAGE_STANDARD = gnu11;
				GCC_DYNAMIC_NO_PIC = NO;
				GCC_NO_COMMON_BLOCKS = YES;
				GCC_OPTIMIZATION_LEVEL = 0;
				GCC_PREPROCESSOR_DEFINITIONS = (
					"DEBUG=1",
					"$(inherited)",
				);
				GCC_WARN_64_TO_32_BIT_CONVERSION = YES;
				GCC_WARN_ABOUT_RETURN_TYPE = YES_ERROR;
				GCC_WARN_UNDECLARED_SELECTOR = YES;
				GCC_WARN_UNINITIALIZED_AUTOS = YES_AGGRESSIVE;
				GCC_WARN_UNUSED_FUNCTION = YES;
				GCC_WARN_UNUSED_VARIABLE = YES;
				MACOSX_DEPLOYMENT_TARGET = 10.14;
				MTL_ENABLE_DEBUG_INFO = INCLUDE_SOURCE;
				MTL_FAST_MATH = YES;
				ONLY_ACTIVE_ARCH = YES;
				SDKROOT = macosx;
				SWIFT_ACTIVE_COMPILATION_CONDITIONS = DEBUG;
				SWIFT_OPTIMIZATION_LEVEL = "-Onone";
			};
			name = Debug;
		};
		232C80D622BE948900D027DA /* Release */ = {
			isa = XCBuildConfiguration;
			buildSettings = {
				ALWAYS_SEARCH_USER_PATHS = NO;
				CLANG_ANALYZER_NONNULL = YES;
				CLANG_ANALYZER_NUMBER_OBJECT_CONVERSION = YES_AGGRESSIVE;
				CLANG_CXX_LANGUAGE_STANDARD = "gnu++14";
				CLANG_CXX_LIBRARY = "libc++";
				CLANG_ENABLE_MODULES = YES;
				CLANG_ENABLE_OBJC_ARC = YES;
				CLANG_ENABLE_OBJC_WEAK = YES;
				CLANG_WARN_BLOCK_CAPTURE_AUTORELEASING = YES;
				CLANG_WARN_BOOL_CONVERSION = YES;
				CLANG_WARN_COMMA = YES;
				CLANG_WARN_CONSTANT_CONVERSION = YES;
				CLANG_WARN_DEPRECATED_OBJC_IMPLEMENTATIONS = YES;
				CLANG_WARN_DIRECT_OBJC_ISA_USAGE = YES_ERROR;
				CLANG_WARN_DOCUMENTATION_COMMENTS = YES;
				CLANG_WARN_EMPTY_BODY = YES;
				CLANG_WARN_ENUM_CONVERSION = YES;
				CLANG_WARN_INFINITE_RECURSION = YES;
				CLANG_WARN_INT_CONVERSION = YES;
				CLANG_WARN_NON_LITERAL_NULL_CONVERSION = YES;
				CLANG_WARN_OBJC_IMPLICIT_RETAIN_SELF = YES;
				CLANG_WARN_OBJC_LITERAL_CONVERSION = YES;
				CLANG_WARN_OBJC_ROOT_CLASS = YES_ERROR;
				CLANG_WARN_RANGE_LOOP_ANALYSIS = YES;
				CLANG_WARN_STRICT_PROTOTYPES = YES;
				CLANG_WARN_SUSPICIOUS_MOVE = YES;
				CLANG_WARN_UNGUARDED_AVAILABILITY = YES_AGGRESSIVE;
				CLANG_WARN_UNREACHABLE_CODE = YES;
				CLANG_WARN__DUPLICATE_METHOD_MATCH = YES;
				CODE_SIGN_IDENTITY = "Mac Developer";
				COPY_PHASE_STRIP = NO;
				DEBUG_INFORMATION_FORMAT = "dwarf-with-dsym";
				ENABLE_NS_ASSERTIONS = NO;
				ENABLE_STRICT_OBJC_MSGSEND = YES;
				GCC_C_LANGUAGE_STANDARD = gnu11;
				GCC_NO_COMMON_BLOCKS = YES;
				GCC_WARN_64_TO_32_BIT_CONVERSION = YES;
				GCC_WARN_ABOUT_RETURN_TYPE = YES_ERROR;
				GCC_WARN_UNDECLARED_SELECTOR = YES;
				GCC_WARN_UNINITIALIZED_AUTOS = YES_AGGRESSIVE;
				GCC_WARN_UNUSED_FUNCTION = YES;
				GCC_WARN_UNUSED_VARIABLE = YES;
				MACOSX_DEPLOYMENT_TARGET = 10.14;
				MTL_ENABLE_DEBUG_INFO = NO;
				MTL_FAST_MATH = YES;
				SDKROOT = macosx;
				SWIFT_COMPILATION_MODE = wholemodule;
				SWIFT_OPTIMIZATION_LEVEL = "-O";
			};
			name = Release;
		};
		232C80D822BE948900D027DA /* Debug */ = {
			isa = XCBuildConfiguration;
			buildSettings = {
				CODE_SIGN_ENTITLEMENTS = "Dorm Quota Indicator/Dorm Quota Indicator.entitlements";
				CODE_SIGN_STYLE = Automatic;
				COMBINE_HIDPI_IMAGES = YES;
				DEVELOPMENT_TEAM = B3AZR88DZT;
				HEADER_SEARCH_PATHS = "$(SDKROOT)/usr/include/libxml2";
				INFOPLIST_FILE = "Dorm Quota Indicator/Info.plist";
				LD_RUNPATH_SEARCH_PATHS = (
					"$(inherited)",
					"@executable_path/../Frameworks",
				);
				PRODUCT_BUNDLE_IDENTIFIER = "Org.GreenYun.Dorm-Quota-Indicator";
				PRODUCT_NAME = "$(TARGET_NAME)";
				SWIFT_OBJC_BRIDGING_HEADER = "Dorm Quota Indicator/Dorm Quota Indicator-Bridging-Header.h";
				SWIFT_VERSION = 5.0;
			};
			name = Debug;
		};
		232C80D922BE948900D027DA /* Release */ = {
			isa = XCBuildConfiguration;
			buildSettings = {
				CODE_SIGN_ENTITLEMENTS = "Dorm Quota Indicator/Dorm Quota Indicator.entitlements";
				CODE_SIGN_STYLE = Automatic;
				COMBINE_HIDPI_IMAGES = YES;
				DEVELOPMENT_TEAM = B3AZR88DZT;
				HEADER_SEARCH_PATHS = "$(SDKROOT)/usr/include/libxml2";
				INFOPLIST_FILE = "Dorm Quota Indicator/Info.plist";
				LD_RUNPATH_SEARCH_PATHS = (
					"$(inherited)",
					"@executable_path/../Frameworks",
				);
				PRODUCT_BUNDLE_IDENTIFIER = "Org.GreenYun.Dorm-Quota-Indicator";
				PRODUCT_NAME = "$(TARGET_NAME)";
				SWIFT_OBJC_BRIDGING_HEADER = "Dorm Quota Indicator/Dorm Quota Indicator-Bridging-Header.h";
				SWIFT_VERSION = 5.0;
			};
			name = Release;
		};
		232C80DB22BE948900D027DA /* Debug */ = {
			isa = XCBuildConfiguration;
			buildSettings = {
				ALWAYS_EMBED_SWIFT_STANDARD_LIBRARIES = YES;
				BUNDLE_LOADER = "$(TEST_HOST)";
				CODE_SIGN_STYLE = Automatic;
				COMBINE_HIDPI_IMAGES = YES;
				DEVELOPMENT_TEAM = B3AZR88DZT;
				INFOPLIST_FILE = "Dorm Quota IndicatorTests/Info.plist";
				LD_RUNPATH_SEARCH_PATHS = (
					"$(inherited)",
					"@executable_path/../Frameworks",
					"@loader_path/../Frameworks",
				);
				PRODUCT_BUNDLE_IDENTIFIER = "Org.GreenYun.Dorm-Quota-IndicatorTests";
				PRODUCT_NAME = "$(TARGET_NAME)";
				SWIFT_VERSION = 5.0;
				TEST_HOST = "$(BUILT_PRODUCTS_DIR)/Dorm Quota Indicator.app/Contents/MacOS/Dorm Quota Indicator";
			};
			name = Debug;
		};
		232C80DC22BE948900D027DA /* Release */ = {
			isa = XCBuildConfiguration;
			buildSettings = {
				ALWAYS_EMBED_SWIFT_STANDARD_LIBRARIES = YES;
				BUNDLE_LOADER = "$(TEST_HOST)";
				CODE_SIGN_STYLE = Automatic;
				COMBINE_HIDPI_IMAGES = YES;
				DEVELOPMENT_TEAM = B3AZR88DZT;
				INFOPLIST_FILE = "Dorm Quota IndicatorTests/Info.plist";
				LD_RUNPATH_SEARCH_PATHS = (
					"$(inherited)",
					"@executable_path/../Frameworks",
					"@loader_path/../Frameworks",
				);
				PRODUCT_BUNDLE_IDENTIFIER = "Org.GreenYun.Dorm-Quota-IndicatorTests";
				PRODUCT_NAME = "$(TARGET_NAME)";
				SWIFT_VERSION = 5.0;
				TEST_HOST = "$(BUILT_PRODUCTS_DIR)/Dorm Quota Indicator.app/Contents/MacOS/Dorm Quota Indicator";
			};
			name = Release;
		};
/* End XCBuildConfiguration section */

/* Begin XCConfigurationList section */
		232C80B922BE948800D027DA /* Build configuration list for PBXProject "Dorm Quota Indicator" */ = {
			isa = XCConfigurationList;
			buildConfigurations = (
				232C80D522BE948900D027DA /* Debug */,
				232C80D622BE948900D027DA /* Release */,
			);
			defaultConfigurationIsVisible = 0;
			defaultConfigurationName = Release;
		};
		232C80D722BE948900D027DA /* Build configuration list for PBXNativeTarget "Dorm Quota Indicator" */ = {
			isa = XCConfigurationList;
			buildConfigurations = (
				232C80D822BE948900D027DA /* Debug */,
				232C80D922BE948900D027DA /* Release */,
			);
			defaultConfigurationIsVisible = 0;
			defaultConfigurationName = Release;
		};
		232C80DA22BE948900D027DA /* Build configuration list for PBXNativeTarget "Dorm Quota IndicatorTests" */ = {
			isa = XCConfigurationList;
			buildConfigurations = (
				232C80DB22BE948900D027DA /* Debug */,
				232C80DC22BE948900D027DA /* Release */,
			);
			defaultConfigurationIsVisible = 0;
			defaultConfigurationName = Release;
		};
/* End XCConfigurationList section */
	};
	rootObject = 232C80B622BE948800D027DA /* Project object */;
}
